
Microsoft Visual Studio Solution File, Format Version 12.00
# Visual Studio Version 16
VisualStudioVersion = 16.0.31911.196
MinimumVisualStudioVersion = 10.0.40219.1
Project("{FAE04EC0-301F-11D3-BF4B-00C04F79EFBC}") = "Danci_Denisa_Lab8", "Danci_Denisa_Lab8.csproj", "{F6972E13-B071-443B-91A5-4696497EA1FE}"
EndProject
Global
	GlobalSection(SolutionConfigurationPlatforms) = preSolution
		Debug|Any CPU = Debug|Any CPU
		Release|Any CPU = Release|Any CPU
	EndGlobalSection
	GlobalSection(ProjectConfigurationPlatforms) = postSolution
		{F6972E13-B071-443B-91A5-4696497EA1FE}.Debug|Any CPU.ActiveCfg = Debug|Any CPU
		{F6972E13-B071-443B-91A5-4696497EA1FE}.Debug|Any CPU.Build.0 = Debug|Any CPU
		{F6972E13-B071-443B-91A5-4696497EA1FE}.Release|Any CPU.ActiveCfg = Release|Any CPU
		{F6972E13-B071-443B-91A5-4696497EA1FE}.Release|Any CPU.Build.0 = Release|Any CPU
	EndGlobalSection
	GlobalSection(SolutionProperties) = preSolution
		HideSolutionNode = FALSE
	EndGlobalSection
	GlobalSection(ExtensibilityGlobals) = postSolution
		SolutionGuid = {FC2FCD0A-7CA3-47F2-BF7E-2FDC462AE32E}
	EndGlobalSection
EndGlobal
